{
  "dependencies": {
    "autoprefixer-stylus": {
      "version": "0.6.0",
      "dependencies": {
        "autoprefixer-core": {
          "version": "5.1.11",
          "dependencies": {
            "browserslist": {
              "version": "0.2.0"
            },
            "num2fraction": {
              "version": "1.1.0"
            },
            "caniuse-db": {
              "version": "1.0.30000161"
            },
            "postcss": {
              "version": "4.0.6",
              "dependencies": {
                "source-map": {
                  "version": "0.2.0",
                  "dependencies": {
                    "amdefine": {
                      "version": "0.1.0"
                    }
                  }
                },
                "js-base64": {
                  "version": "2.1.8"
                }
              }
            }
          }
        },
        "multi-stage-sourcemap": {
          "version": "0.2.1",
          "dependencies": {
            "source-map": {
              "version": "0.1.43",
              "dependencies": {
                "amdefine": {
                  "version": "0.1.0"
                }
              }
            }
          }
        }
      }
    },
    "axis": {
      "version": "0.3.2"
    },
    "jeet": {
      "version": "6.1.2"
    },
    "nib": {
      "version": "1.1.0",
      "dependencies": {
        "stylus": {
          "version": "0.49.3",
          "dependencies": {
            "css-parse": {
              "version": "1.7.0"
            },
            "mkdirp": {
              "version": "0.3.5"
            },
            "debug": {
              "version": "2.1.1",
              "dependencies": {
                "ms": {
                  "version": "0.6.2"
                }
              }
            },
            "sax": {
              "version": "0.5.8"
            },
            "glob": {
              "version": "3.2.11",
              "dependencies": {
                "inherits": {
                  "version": "2.0.1"
                },
                "minimatch": {
                  "version": "0.3.0",
                  "dependencies": {
                    "lru-cache": {
                      "version": "2.5.0"
                    },
                    "sigmund": {
                      "version": "1.0.0"
                    }
                  }
                }
              }
            },
            "source-map": {
              "version": "0.1.43",
              "dependencies": {
                "amdefine": {
                  "version": "0.1.0"
                }
              }
            }
          }
        }
      }
    },
    "rupture": {
      "version": "0.6.1"
    },
    "stylus": {
      "version": "0.51.1",
      "dependencies": {
        "css-parse": {
          "version": "1.7.0"
        },
        "mkdirp": {
          "version": "0.3.5"
        },
        "debug": {
          "version": "2.2.0",
          "dependencies": {
            "ms": {
              "version": "0.7.1"
            }
          }
        },
        "sax": {
          "version": "0.5.8"
        },
        "glob": {
          "version": "3.2.11",
          "dependencies": {
            "inherits": {
              "version": "2.0.1"
            },
            "minimatch": {
              "version": "0.3.0",
              "dependencies": {
                "lru-cache": {
                  "version": "2.6.2"
                },
                "sigmund": {
                  "version": "1.0.0"
                }
              }
            }
          }
        },
        "source-map": {
          "version": "0.1.43",
          "dependencies": {
            "amdefine": {
              "version": "0.1.0"
            }
          }
        }
      }
    },
    "typographic": {
      "version": "2.9.3"
    }
  }
}
